
Microsoft Visual Studio Solution File, Format Version 12.00
# Visual Studio Version 17
VisualStudioVersion = 17.11.35208.52
MinimumVisualStudioVersion = 10.0.40219.1
Project("{8BC9CEB8-8B4A-11D0-8D11-00A0C91BC942}") = "SkyCreator", "SkyCreator.vcxproj", "{E85D04A7-E5F7-489A-9979-A4D25B50AA18}"
EndProject
Global
	GlobalSection(SolutionConfigurationPlatforms) = preSolution
		Debug|x64 = Debug|x64
		Debug|x86 = Debug|x86
		Release|x64 = Release|x64
		Release|x86 = Release|x86
	EndGlobalSection
	GlobalSection(ProjectConfigurationPlatforms) = postSolution
		{E85D04A7-E5F7-489A-9979-A4D25B50AA18}.Debug|x64.ActiveCfg = Debug|x64
		{E85D04A7-E5F7-489A-9979-A4D25B50AA18}.Debug|x64.Build.0 = Debug|x64
		{E85D04A7-E5F7-489A-9979-A4D25B50AA18}.Debug|x86.ActiveCfg = Debug|Win32
		{E85D04A7-E5F7-489A-9979-A4D25B50AA18}.Debug|x86.Build.0 = Debug|Win32
		{E85D04A7-E5F7-489A-9979-A4D25B50AA18}.Release|x64.ActiveCfg = Release|x64
		{E85D04A7-E5F7-489A-9979-A4D25B50AA18}.Release|x64.Build.0 = Release|x64
		{E85D04A7-E5F7-489A-9979-A4D25B50AA18}.Release|x86.ActiveCfg = Release|Win32
		{E85D04A7-E5F7-489A-9979-A4D25B50AA18}.Release|x86.Build.0 = Release|Win32
	EndGlobalSection
	GlobalSection(SolutionProperties) = preSolution
		HideSolutionNode = FALSE
	EndGlobalSection
	GlobalSection(ExtensibilityGlobals) = postSolution
		SolutionGuid = {52E83760-A155-4A06-A863-14CC3915559D}
	EndGlobalSection
EndGlobal
